
Microsoft Visual Studio Solution File, Format Version 12.00
# Visual Studio Version 16
VisualStudioVersion = 16.0.29503.13
MinimumVisualStudioVersion = 10.0.40219.1
Project("{FAE04EC0-301F-11D3-BF4B-00C04F79EFBC}") = "EntityASP", "EntityASP\EntityASP.csproj", "{03EDB7F2-FEC5-43A0-99B4-FDD6C075CC0F}"
EndProject
Project("{FAE04EC0-301F-11D3-BF4B-00C04F79EFBC}") = "EntityUWP", "EntityUWP\EntityUWP.csproj", "{4D122EFC-7C71-4941-8489-946C68F84E8B}"
EndProject
Project("{FAE04EC0-301F-11D3-BF4B-00C04F79EFBC}") = "ASP.Net_SellIt", "ASP.Net_SellIt\ASP.Net_SellIt.csproj", "{3A8FD51A-004B-4A00-8B77-44A54D89DABD}"
EndProject
Global
	GlobalSection(SolutionConfigurationPlatforms) = preSolution
		Debug|Any CPU = Debug|Any CPU
		Debug|ARM = Debug|ARM
		Debug|ARM64 = Debug|ARM64
		Debug|x64 = Debug|x64
		Debug|x86 = Debug|x86
		Release|Any CPU = Release|Any CPU
		Release|ARM = Release|ARM
		Release|ARM64 = Release|ARM64
		Release|x64 = Release|x64
		Release|x86 = Release|x86
	EndGlobalSection
	GlobalSection(ProjectConfigurationPlatforms) = postSolution
		{03EDB7F2-FEC5-43A0-99B4-FDD6C075CC0F}.Debug|Any CPU.ActiveCfg = Debug|Any CPU
		{03EDB7F2-FEC5-43A0-99B4-FDD6C075CC0F}.Debug|Any CPU.Build.0 = Debug|Any CPU
		{03EDB7F2-FEC5-43A0-99B4-FDD6C075CC0F}.Debug|ARM.ActiveCfg = Debug|Any CPU
		{03EDB7F2-FEC5-43A0-99B4-FDD6C075CC0F}.Debug|ARM.Build.0 = Debug|Any CPU
		{03EDB7F2-FEC5-43A0-99B4-FDD6C075CC0F}.Debug|ARM64.ActiveCfg = Debug|Any CPU
		{03EDB7F2-FEC5-43A0-99B4-FDD6C075CC0F}.Debug|ARM64.Build.0 = Debug|Any CPU
		{03EDB7F2-FEC5-43A0-99B4-FDD6C075CC0F}.Debug|x64.ActiveCfg = Debug|Any CPU
		{03EDB7F2-FEC5-43A0-99B4-FDD6C075CC0F}.Debug|x64.Build.0 = Debug|Any CPU
		{03EDB7F2-FEC5-43A0-99B4-FDD6C075CC0F}.Debug|x86.ActiveCfg = Debug|Any CPU
		{03EDB7F2-FEC5-43A0-99B4-FDD6C075CC0F}.Debug|x86.Build.0 = Debug|Any CPU
		{03EDB7F2-FEC5-43A0-99B4-FDD6C075CC0F}.Release|Any CPU.ActiveCfg = Release|Any CPU
		{03EDB7F2-FEC5-43A0-99B4-FDD6C075CC0F}.Release|Any CPU.Build.0 = Release|Any CPU
		{03EDB7F2-FEC5-43A0-99B4-FDD6C075CC0F}.Release|ARM.ActiveCfg = Release|Any CPU
		{03EDB7F2-FEC5-43A0-99B4-FDD6C075CC0F}.Release|ARM.Build.0 = Release|Any CPU
		{03EDB7F2-FEC5-43A0-99B4-FDD6C075CC0F}.Release|ARM64.ActiveCfg = Release|Any CPU
		{03EDB7F2-FEC5-43A0-99B4-FDD6C075CC0F}.Release|ARM64.Build.0 = Release|Any CPU
		{03EDB7F2-FEC5-43A0-99B4-FDD6C075CC0F}.Release|x64.ActiveCfg = Release|Any CPU
		{03EDB7F2-FEC5-43A0-99B4-FDD6C075CC0F}.Release|x64.Build.0 = Release|Any CPU
		{03EDB7F2-FEC5-43A0-99B4-FDD6C075CC0F}.Release|x86.ActiveCfg = Release|Any CPU
		{03EDB7F2-FEC5-43A0-99B4-FDD6C075CC0F}.Release|x86.Build.0 = Release|Any CPU
		{4D122EFC-7C71-4941-8489-946C68F84E8B}.Debug|Any CPU.ActiveCfg = Debug|Any CPU
		{4D122EFC-7C71-4941-8489-946C68F84E8B}.Debug|Any CPU.Build.0 = Debug|Any CPU
		{4D122EFC-7C71-4941-8489-946C68F84E8B}.Debug|ARM.ActiveCfg = Debug|ARM
		{4D122EFC-7C71-4941-8489-946C68F84E8B}.Debug|ARM.Build.0 = Debug|ARM
		{4D122EFC-7C71-4941-8489-946C68F84E8B}.Debug|ARM64.ActiveCfg = Debug|ARM64
		{4D122EFC-7C71-4941-8489-946C68F84E8B}.Debug|ARM64.Build.0 = Debug|ARM64
		{4D122EFC-7C71-4941-8489-946C68F84E8B}.Debug|x64.ActiveCfg = Debug|x64
		{4D122EFC-7C71-4941-8489-946C68F84E8B}.Debug|x64.Build.0 = Debug|x64
		{4D122EFC-7C71-4941-8489-946C68F84E8B}.Debug|x86.ActiveCfg = Debug|x86
		{4D122EFC-7C71-4941-8489-946C68F84E8B}.Debug|x86.Build.0 = Debug|x86
		{4D122EFC-7C71-4941-8489-946C68F84E8B}.Release|Any CPU.ActiveCfg = Release|Any CPU
		{4D122EFC-7C71-4941-8489-946C68F84E8B}.Release|Any CPU.Build.0 = Release|Any CPU
		{4D122EFC-7C71-4941-8489-946C68F84E8B}.Release|ARM.ActiveCfg = Release|ARM
		{4D122EFC-7C71-4941-8489-946C68F84E8B}.Release|ARM.Build.0 = Release|ARM
		{4D122EFC-7C71-4941-8489-946C68F84E8B}.Release|ARM64.ActiveCfg = Release|ARM64
		{4D122EFC-7C71-4941-8489-946C68F84E8B}.Release|ARM64.Build.0 = Release|ARM64
		{4D122EFC-7C71-4941-8489-946C68F84E8B}.Release|x64.ActiveCfg = Release|x64
		{4D122EFC-7C71-4941-8489-946C68F84E8B}.Release|x64.Build.0 = Release|x64
		{4D122EFC-7C71-4941-8489-946C68F84E8B}.Release|x86.ActiveCfg = Release|x86
		{4D122EFC-7C71-4941-8489-946C68F84E8B}.Release|x86.Build.0 = Release|x86
		{3A8FD51A-004B-4A00-8B77-44A54D89DABD}.Debug|Any CPU.ActiveCfg = Debug|Any CPU
		{3A8FD51A-004B-4A00-8B77-44A54D89DABD}.Debug|Any CPU.Build.0 = Debug|Any CPU
		{3A8FD51A-004B-4A00-8B77-44A54D89DABD}.Debug|ARM.ActiveCfg = Debug|Any CPU
		{3A8FD51A-004B-4A00-8B77-44A54D89DABD}.Debug|ARM.Build.0 = Debug|Any CPU
		{3A8FD51A-004B-4A00-8B77-44A54D89DABD}.Debug|ARM64.ActiveCfg = Debug|Any CPU
		{3A8FD51A-004B-4A00-8B77-44A54D89DABD}.Debug|ARM64.Build.0 = Debug|Any CPU
		{3A8FD51A-004B-4A00-8B77-44A54D89DABD}.Debug|x64.ActiveCfg = Debug|Any CPU
		{3A8FD51A-004B-4A00-8B77-44A54D89DABD}.Debug|x64.Build.0 = Debug|Any CPU
		{3A8FD51A-004B-4A00-8B77-44A54D89DABD}.Debug|x86.ActiveCfg = Debug|Any CPU
		{3A8FD51A-004B-4A00-8B77-44A54D89DABD}.Debug|x86.Build.0 = Debug|Any CPU
		{3A8FD51A-004B-4A00-8B77-44A54D89DABD}.Release|Any CPU.ActiveCfg = Release|Any CPU
		{3A8FD51A-004B-4A00-8B77-44A54D89DABD}.Release|Any CPU.Build.0 = Release|Any CPU
		{3A8FD51A-004B-4A00-8B77-44A54D89DABD}.Release|ARM.ActiveCfg = Release|Any CPU
		{3A8FD51A-004B-4A00-8B77-44A54D89DABD}.Release|ARM.Build.0 = Release|Any CPU
		{3A8FD51A-004B-4A00-8B77-44A54D89DABD}.Release|ARM64.ActiveCfg = Release|Any CPU
		{3A8FD51A-004B-4A00-8B77-44A54D89DABD}.Release|ARM64.Build.0 = Release|Any CPU
		{3A8FD51A-004B-4A00-8B77-44A54D89DABD}.Release|x64.ActiveCfg = Release|Any CPU
		{3A8FD51A-004B-4A00-8B77-44A54D89DABD}.Release|x64.Build.0 = Release|Any CPU
		{3A8FD51A-004B-4A00-8B77-44A54D89DABD}.Release|x86.ActiveCfg = Release|Any CPU
		{3A8FD51A-004B-4A00-8B77-44A54D89DABD}.Release|x86.Build.0 = Release|Any CPU
	EndGlobalSection
	GlobalSection(SolutionProperties) = preSolution
		HideSolutionNode = FALSE
	EndGlobalSection
	GlobalSection(ExtensibilityGlobals) = postSolution
		SolutionGuid = {0599F691-402D-41AD-B874-D56D1A315A98}
	EndGlobalSection
EndGlobal
